
Microsoft Visual Studio Solution File, Format Version 12.00
# Visual Studio Version 17
VisualStudioVersion = 17.1.32210.238
MinimumVisualStudioVersion = 10.0.40219.1
Project("{FAE04EC0-301F-11D3-BF4B-00C04F79EFBC}") = "ZTP", "ZTP\ZTP.csproj", "{092C7F3E-EE46-4D7A-96B9-EA7BA4089D11}"
EndProject
Global
	GlobalSection(SolutionConfigurationPlatforms) = preSolution
		Debug|Any CPU = Debug|Any CPU
		Release|Any CPU = Release|Any CPU
	EndGlobalSection
	GlobalSection(ProjectConfigurationPlatforms) = postSolution
		{092C7F3E-EE46-4D7A-96B9-EA7BA4089D11}.Debug|Any CPU.ActiveCfg = Debug|Any CPU
		{092C7F3E-EE46-4D7A-96B9-EA7BA4089D11}.Debug|Any CPU.Build.0 = Debug|Any CPU
		{092C7F3E-EE46-4D7A-96B9-EA7BA4089D11}.Release|Any CPU.ActiveCfg = Release|Any CPU
		{092C7F3E-EE46-4D7A-96B9-EA7BA4089D11}.Release|Any CPU.Build.0 = Release|Any CPU
	EndGlobalSection
	GlobalSection(SolutionProperties) = preSolution
		HideSolutionNode = FALSE
	EndGlobalSection
	GlobalSection(ExtensibilityGlobals) = postSolution
		SolutionGuid = {A15E1340-0D4F-4633-8D47-B07044A50474}
	EndGlobalSection
EndGlobal
